
Microsoft Visual Studio Solution File, Format Version 12.00
# Visual Studio Version 16
VisualStudioVersion = 16.0.32602.291
MinimumVisualStudioVersion = 10.0.40219.1
Project("{8BC9CEB8-8B4A-11D0-8D11-00A0C91BC942}") = "test_8_29", "test_8_29.vcxproj", "{FB3E67C8-22BF-4BAD-97A5-531FF9CAA282}"
EndProject
Global
	GlobalSection(SolutionConfigurationPlatforms) = preSolution
		Debug|x64 = Debug|x64
		Debug|x86 = Debug|x86
		Release|x64 = Release|x64
		Release|x86 = Release|x86
	EndGlobalSection
	GlobalSection(ProjectConfigurationPlatforms) = postSolution
		{FB3E67C8-22BF-4BAD-97A5-531FF9CAA282}.Debug|x64.ActiveCfg = Debug|x64
		{FB3E67C8-22BF-4BAD-97A5-531FF9CAA282}.Debug|x64.Build.0 = Debug|x64
		{FB3E67C8-22BF-4BAD-97A5-531FF9CAA282}.Debug|x86.ActiveCfg = Debug|Win32
		{FB3E67C8-22BF-4BAD-97A5-531FF9CAA282}.Debug|x86.Build.0 = Debug|Win32
		{FB3E67C8-22BF-4BAD-97A5-531FF9CAA282}.Release|x64.ActiveCfg = Release|x64
		{FB3E67C8-22BF-4BAD-97A5-531FF9CAA282}.Release|x64.Build.0 = Release|x64
		{FB3E67C8-22BF-4BAD-97A5-531FF9CAA282}.Release|x86.ActiveCfg = Release|Win32
		{FB3E67C8-22BF-4BAD-97A5-531FF9CAA282}.Release|x86.Build.0 = Release|Win32
	EndGlobalSection
	GlobalSection(SolutionProperties) = preSolution
		HideSolutionNode = FALSE
	EndGlobalSection
	GlobalSection(ExtensibilityGlobals) = postSolution
		SolutionGuid = {DB1D1B3B-C037-4918-8048-5DD19231B227}
	EndGlobalSection
EndGlobal
