
Microsoft Visual Studio Solution File, Format Version 12.00
# Visual Studio Version 16
VisualStudioVersion = 16.0.32602.291
MinimumVisualStudioVersion = 10.0.40219.1
Project("{8BC9CEB8-8B4A-11D0-8D11-00A0C91BC942}") = "test_8_27", "test_8_27.vcxproj", "{ECE1199C-1055-4C94-B4CF-59B04CCDECCF}"
EndProject
Global
	GlobalSection(SolutionConfigurationPlatforms) = preSolution
		Debug|x64 = Debug|x64
		Debug|x86 = Debug|x86
		Release|x64 = Release|x64
		Release|x86 = Release|x86
	EndGlobalSection
	GlobalSection(ProjectConfigurationPlatforms) = postSolution
		{ECE1199C-1055-4C94-B4CF-59B04CCDECCF}.Debug|x64.ActiveCfg = Debug|x64
		{ECE1199C-1055-4C94-B4CF-59B04CCDECCF}.Debug|x64.Build.0 = Debug|x64
		{ECE1199C-1055-4C94-B4CF-59B04CCDECCF}.Debug|x86.ActiveCfg = Debug|Win32
		{ECE1199C-1055-4C94-B4CF-59B04CCDECCF}.Debug|x86.Build.0 = Debug|Win32
		{ECE1199C-1055-4C94-B4CF-59B04CCDECCF}.Release|x64.ActiveCfg = Release|x64
		{ECE1199C-1055-4C94-B4CF-59B04CCDECCF}.Release|x64.Build.0 = Release|x64
		{ECE1199C-1055-4C94-B4CF-59B04CCDECCF}.Release|x86.ActiveCfg = Release|Win32
		{ECE1199C-1055-4C94-B4CF-59B04CCDECCF}.Release|x86.Build.0 = Release|Win32
	EndGlobalSection
	GlobalSection(SolutionProperties) = preSolution
		HideSolutionNode = FALSE
	EndGlobalSection
	GlobalSection(ExtensibilityGlobals) = postSolution
		SolutionGuid = {35D864CE-A37A-4C60-86E7-9815BFF9B83F}
	EndGlobalSection
EndGlobal
