
Microsoft Visual Studio Solution File, Format Version 12.00
# Visual Studio Version 16
VisualStudioVersion = 16.0.32602.291
MinimumVisualStudioVersion = 10.0.40219.1
Project("{8BC9CEB8-8B4A-11D0-8D11-00A0C91BC942}") = "test_9_21", "test_9_21.vcxproj", "{AB708BD2-D003-45DA-907B-17B2146F2D9B}"
EndProject
Global
	GlobalSection(SolutionConfigurationPlatforms) = preSolution
		Debug|x64 = Debug|x64
		Debug|x86 = Debug|x86
		Release|x64 = Release|x64
		Release|x86 = Release|x86
	EndGlobalSection
	GlobalSection(ProjectConfigurationPlatforms) = postSolution
		{AB708BD2-D003-45DA-907B-17B2146F2D9B}.Debug|x64.ActiveCfg = Debug|x64
		{AB708BD2-D003-45DA-907B-17B2146F2D9B}.Debug|x64.Build.0 = Debug|x64
		{AB708BD2-D003-45DA-907B-17B2146F2D9B}.Debug|x86.ActiveCfg = Debug|Win32
		{AB708BD2-D003-45DA-907B-17B2146F2D9B}.Debug|x86.Build.0 = Debug|Win32
		{AB708BD2-D003-45DA-907B-17B2146F2D9B}.Release|x64.ActiveCfg = Release|x64
		{AB708BD2-D003-45DA-907B-17B2146F2D9B}.Release|x64.Build.0 = Release|x64
		{AB708BD2-D003-45DA-907B-17B2146F2D9B}.Release|x86.ActiveCfg = Release|Win32
		{AB708BD2-D003-45DA-907B-17B2146F2D9B}.Release|x86.Build.0 = Release|Win32
	EndGlobalSection
	GlobalSection(SolutionProperties) = preSolution
		HideSolutionNode = FALSE
	EndGlobalSection
	GlobalSection(ExtensibilityGlobals) = postSolution
		SolutionGuid = {29BA6687-9F02-4487-B0C4-A5459536CDFD}
	EndGlobalSection
EndGlobal
