
Microsoft Visual Studio Solution File, Format Version 12.00
# Visual Studio Version 16
VisualStudioVersion = 16.0.32602.291
MinimumVisualStudioVersion = 10.0.40219.1
Project("{8BC9CEB8-8B4A-11D0-8D11-00A0C91BC942}") = "test_9_1", "test_9_1.vcxproj", "{4A6D3161-280F-4FD1-949E-E0B077B64F9F}"
EndProject
Global
	GlobalSection(SolutionConfigurationPlatforms) = preSolution
		Debug|x64 = Debug|x64
		Debug|x86 = Debug|x86
		Release|x64 = Release|x64
		Release|x86 = Release|x86
	EndGlobalSection
	GlobalSection(ProjectConfigurationPlatforms) = postSolution
		{4A6D3161-280F-4FD1-949E-E0B077B64F9F}.Debug|x64.ActiveCfg = Debug|x64
		{4A6D3161-280F-4FD1-949E-E0B077B64F9F}.Debug|x64.Build.0 = Debug|x64
		{4A6D3161-280F-4FD1-949E-E0B077B64F9F}.Debug|x86.ActiveCfg = Debug|Win32
		{4A6D3161-280F-4FD1-949E-E0B077B64F9F}.Debug|x86.Build.0 = Debug|Win32
		{4A6D3161-280F-4FD1-949E-E0B077B64F9F}.Release|x64.ActiveCfg = Release|x64
		{4A6D3161-280F-4FD1-949E-E0B077B64F9F}.Release|x64.Build.0 = Release|x64
		{4A6D3161-280F-4FD1-949E-E0B077B64F9F}.Release|x86.ActiveCfg = Release|Win32
		{4A6D3161-280F-4FD1-949E-E0B077B64F9F}.Release|x86.Build.0 = Release|Win32
	EndGlobalSection
	GlobalSection(SolutionProperties) = preSolution
		HideSolutionNode = FALSE
	EndGlobalSection
	GlobalSection(ExtensibilityGlobals) = postSolution
		SolutionGuid = {A9D824DC-2183-4194-BD0B-B3DEAA7217B8}
	EndGlobalSection
EndGlobal
