
Microsoft Visual Studio Solution File, Format Version 12.00
# Visual Studio Version 16
VisualStudioVersion = 16.0.32602.291
MinimumVisualStudioVersion = 10.0.40219.1
Project("{8BC9CEB8-8B4A-11D0-8D11-00A0C91BC942}") = "test_9_4", "test_9_4.vcxproj", "{D2E84BDC-6C3D-48F8-8866-4425CBAA30F7}"
EndProject
Global
	GlobalSection(SolutionConfigurationPlatforms) = preSolution
		Debug|x64 = Debug|x64
		Debug|x86 = Debug|x86
		Release|x64 = Release|x64
		Release|x86 = Release|x86
	EndGlobalSection
	GlobalSection(ProjectConfigurationPlatforms) = postSolution
		{D2E84BDC-6C3D-48F8-8866-4425CBAA30F7}.Debug|x64.ActiveCfg = Debug|x64
		{D2E84BDC-6C3D-48F8-8866-4425CBAA30F7}.Debug|x64.Build.0 = Debug|x64
		{D2E84BDC-6C3D-48F8-8866-4425CBAA30F7}.Debug|x86.ActiveCfg = Debug|Win32
		{D2E84BDC-6C3D-48F8-8866-4425CBAA30F7}.Debug|x86.Build.0 = Debug|Win32
		{D2E84BDC-6C3D-48F8-8866-4425CBAA30F7}.Release|x64.ActiveCfg = Release|x64
		{D2E84BDC-6C3D-48F8-8866-4425CBAA30F7}.Release|x64.Build.0 = Release|x64
		{D2E84BDC-6C3D-48F8-8866-4425CBAA30F7}.Release|x86.ActiveCfg = Release|Win32
		{D2E84BDC-6C3D-48F8-8866-4425CBAA30F7}.Release|x86.Build.0 = Release|Win32
	EndGlobalSection
	GlobalSection(SolutionProperties) = preSolution
		HideSolutionNode = FALSE
	EndGlobalSection
	GlobalSection(ExtensibilityGlobals) = postSolution
		SolutionGuid = {6D4940C9-2F06-48C1-BFF5-AD1F83DCF2A4}
	EndGlobalSection
EndGlobal
