
Microsoft Visual Studio Solution File, Format Version 12.00
# Visual Studio Version 16
VisualStudioVersion = 16.0.32602.291
MinimumVisualStudioVersion = 10.0.40219.1
Project("{8BC9CEB8-8B4A-11D0-8D11-00A0C91BC942}") = "test_7_25", "test_7_25.vcxproj", "{9FB71575-6B51-46CD-9092-86BAFF9008BA}"
EndProject
Global
	GlobalSection(SolutionConfigurationPlatforms) = preSolution
		Debug|x64 = Debug|x64
		Debug|x86 = Debug|x86
		Release|x64 = Release|x64
		Release|x86 = Release|x86
	EndGlobalSection
	GlobalSection(ProjectConfigurationPlatforms) = postSolution
		{9FB71575-6B51-46CD-9092-86BAFF9008BA}.Debug|x64.ActiveCfg = Debug|x64
		{9FB71575-6B51-46CD-9092-86BAFF9008BA}.Debug|x64.Build.0 = Debug|x64
		{9FB71575-6B51-46CD-9092-86BAFF9008BA}.Debug|x86.ActiveCfg = Debug|Win32
		{9FB71575-6B51-46CD-9092-86BAFF9008BA}.Debug|x86.Build.0 = Debug|Win32
		{9FB71575-6B51-46CD-9092-86BAFF9008BA}.Release|x64.ActiveCfg = Release|x64
		{9FB71575-6B51-46CD-9092-86BAFF9008BA}.Release|x64.Build.0 = Release|x64
		{9FB71575-6B51-46CD-9092-86BAFF9008BA}.Release|x86.ActiveCfg = Release|Win32
		{9FB71575-6B51-46CD-9092-86BAFF9008BA}.Release|x86.Build.0 = Release|Win32
	EndGlobalSection
	GlobalSection(SolutionProperties) = preSolution
		HideSolutionNode = FALSE
	EndGlobalSection
	GlobalSection(ExtensibilityGlobals) = postSolution
		SolutionGuid = {7A2DE1A7-B85D-4E2B-821A-79AA4BA9DC99}
	EndGlobalSection
EndGlobal
