
Microsoft Visual Studio Solution File, Format Version 12.00
# Visual Studio Version 16
VisualStudioVersion = 16.0.32602.291
MinimumVisualStudioVersion = 10.0.40219.1
Project("{8BC9CEB8-8B4A-11D0-8D11-00A0C91BC942}") = "test_5_17", "test_5_17.vcxproj", "{B08B8355-4BB7-4358-9007-9885BC3DF50A}"
EndProject
Global
	GlobalSection(SolutionConfigurationPlatforms) = preSolution
		Debug|x64 = Debug|x64
		Debug|x86 = Debug|x86
		Release|x64 = Release|x64
		Release|x86 = Release|x86
	EndGlobalSection
	GlobalSection(ProjectConfigurationPlatforms) = postSolution
		{B08B8355-4BB7-4358-9007-9885BC3DF50A}.Debug|x64.ActiveCfg = Debug|x64
		{B08B8355-4BB7-4358-9007-9885BC3DF50A}.Debug|x64.Build.0 = Debug|x64
		{B08B8355-4BB7-4358-9007-9885BC3DF50A}.Debug|x86.ActiveCfg = Debug|Win32
		{B08B8355-4BB7-4358-9007-9885BC3DF50A}.Debug|x86.Build.0 = Debug|Win32
		{B08B8355-4BB7-4358-9007-9885BC3DF50A}.Release|x64.ActiveCfg = Release|x64
		{B08B8355-4BB7-4358-9007-9885BC3DF50A}.Release|x64.Build.0 = Release|x64
		{B08B8355-4BB7-4358-9007-9885BC3DF50A}.Release|x86.ActiveCfg = Release|Win32
		{B08B8355-4BB7-4358-9007-9885BC3DF50A}.Release|x86.Build.0 = Release|Win32
	EndGlobalSection
	GlobalSection(SolutionProperties) = preSolution
		HideSolutionNode = FALSE
	EndGlobalSection
	GlobalSection(ExtensibilityGlobals) = postSolution
		SolutionGuid = {2A4ECCA1-A517-4933-86BE-D2B74629D7ED}
	EndGlobalSection
EndGlobal
