
Microsoft Visual Studio Solution File, Format Version 12.00
# Visual Studio Version 16
VisualStudioVersion = 16.0.32602.291
MinimumVisualStudioVersion = 10.0.40219.1
Project("{8BC9CEB8-8B4A-11D0-8D11-00A0C91BC942}") = "test_7_16", "test_7_16.vcxproj", "{155FB942-693A-403E-BF58-FCCE5AD41E21}"
EndProject
Global
	GlobalSection(SolutionConfigurationPlatforms) = preSolution
		Debug|x64 = Debug|x64
		Debug|x86 = Debug|x86
		Release|x64 = Release|x64
		Release|x86 = Release|x86
	EndGlobalSection
	GlobalSection(ProjectConfigurationPlatforms) = postSolution
		{155FB942-693A-403E-BF58-FCCE5AD41E21}.Debug|x64.ActiveCfg = Debug|x64
		{155FB942-693A-403E-BF58-FCCE5AD41E21}.Debug|x64.Build.0 = Debug|x64
		{155FB942-693A-403E-BF58-FCCE5AD41E21}.Debug|x86.ActiveCfg = Debug|Win32
		{155FB942-693A-403E-BF58-FCCE5AD41E21}.Debug|x86.Build.0 = Debug|Win32
		{155FB942-693A-403E-BF58-FCCE5AD41E21}.Release|x64.ActiveCfg = Release|x64
		{155FB942-693A-403E-BF58-FCCE5AD41E21}.Release|x64.Build.0 = Release|x64
		{155FB942-693A-403E-BF58-FCCE5AD41E21}.Release|x86.ActiveCfg = Release|Win32
		{155FB942-693A-403E-BF58-FCCE5AD41E21}.Release|x86.Build.0 = Release|Win32
	EndGlobalSection
	GlobalSection(SolutionProperties) = preSolution
		HideSolutionNode = FALSE
	EndGlobalSection
	GlobalSection(ExtensibilityGlobals) = postSolution
		SolutionGuid = {C93F9C4B-4D8D-495F-B9DF-F8C45C588FF8}
	EndGlobalSection
EndGlobal
