
Microsoft Visual Studio Solution File, Format Version 12.00
# Visual Studio Version 16
VisualStudioVersion = 16.0.32602.291
MinimumVisualStudioVersion = 10.0.40219.1
Project("{8BC9CEB8-8B4A-11D0-8D11-00A0C91BC942}") = "test_9_23", "test_9_23.vcxproj", "{F29CCC55-9F89-420C-BD34-9C76C4E4F732}"
EndProject
Global
	GlobalSection(SolutionConfigurationPlatforms) = preSolution
		Debug|x64 = Debug|x64
		Debug|x86 = Debug|x86
		Release|x64 = Release|x64
		Release|x86 = Release|x86
	EndGlobalSection
	GlobalSection(ProjectConfigurationPlatforms) = postSolution
		{F29CCC55-9F89-420C-BD34-9C76C4E4F732}.Debug|x64.ActiveCfg = Debug|x64
		{F29CCC55-9F89-420C-BD34-9C76C4E4F732}.Debug|x64.Build.0 = Debug|x64
		{F29CCC55-9F89-420C-BD34-9C76C4E4F732}.Debug|x86.ActiveCfg = Debug|Win32
		{F29CCC55-9F89-420C-BD34-9C76C4E4F732}.Debug|x86.Build.0 = Debug|Win32
		{F29CCC55-9F89-420C-BD34-9C76C4E4F732}.Release|x64.ActiveCfg = Release|x64
		{F29CCC55-9F89-420C-BD34-9C76C4E4F732}.Release|x64.Build.0 = Release|x64
		{F29CCC55-9F89-420C-BD34-9C76C4E4F732}.Release|x86.ActiveCfg = Release|Win32
		{F29CCC55-9F89-420C-BD34-9C76C4E4F732}.Release|x86.Build.0 = Release|Win32
	EndGlobalSection
	GlobalSection(SolutionProperties) = preSolution
		HideSolutionNode = FALSE
	EndGlobalSection
	GlobalSection(ExtensibilityGlobals) = postSolution
		SolutionGuid = {52CA9B03-8318-47B7-B4F2-7830C366DEC3}
	EndGlobalSection
EndGlobal
