
Microsoft Visual Studio Solution File, Format Version 12.00
# Visual Studio Version 16
VisualStudioVersion = 16.0.32602.291
MinimumVisualStudioVersion = 10.0.40219.1
Project("{8BC9CEB8-8B4A-11D0-8D11-00A0C91BC942}") = "test_5_5", "test_5_5.vcxproj", "{E9885C33-AA77-47AA-BCC8-EE6C0E5C849D}"
EndProject
Global
	GlobalSection(SolutionConfigurationPlatforms) = preSolution
		Debug|x64 = Debug|x64
		Debug|x86 = Debug|x86
		Release|x64 = Release|x64
		Release|x86 = Release|x86
	EndGlobalSection
	GlobalSection(ProjectConfigurationPlatforms) = postSolution
		{E9885C33-AA77-47AA-BCC8-EE6C0E5C849D}.Debug|x64.ActiveCfg = Debug|x64
		{E9885C33-AA77-47AA-BCC8-EE6C0E5C849D}.Debug|x64.Build.0 = Debug|x64
		{E9885C33-AA77-47AA-BCC8-EE6C0E5C849D}.Debug|x86.ActiveCfg = Debug|Win32
		{E9885C33-AA77-47AA-BCC8-EE6C0E5C849D}.Debug|x86.Build.0 = Debug|Win32
		{E9885C33-AA77-47AA-BCC8-EE6C0E5C849D}.Release|x64.ActiveCfg = Release|x64
		{E9885C33-AA77-47AA-BCC8-EE6C0E5C849D}.Release|x64.Build.0 = Release|x64
		{E9885C33-AA77-47AA-BCC8-EE6C0E5C849D}.Release|x86.ActiveCfg = Release|Win32
		{E9885C33-AA77-47AA-BCC8-EE6C0E5C849D}.Release|x86.Build.0 = Release|Win32
	EndGlobalSection
	GlobalSection(SolutionProperties) = preSolution
		HideSolutionNode = FALSE
	EndGlobalSection
	GlobalSection(ExtensibilityGlobals) = postSolution
		SolutionGuid = {321099D0-D351-4878-AA48-476BD7E2503E}
	EndGlobalSection
EndGlobal
